
Microsoft Visual Studio Solution File, Format Version 12.00
# Visual Studio Version 17
VisualStudioVersion = 17.10.34928.147
MinimumVisualStudioVersion = 10.0.40219.1
Project("{FAE04EC0-301F-11D3-BF4B-00C04F79EFBC}") = "TimeInSoftware", "TimeInSoftware\TimeInSoftware\TimeInSoftware.csproj", "{AD1BAC2E-E7B7-4C92-A5FB-56B2C4269B38}"
EndProject
Project("{FAE04EC0-301F-11D3-BF4B-00C04F79EFBC}") = "TimeInSoftware.Client", "TimeInSoftware\TimeInSoftware.Client\TimeInSoftware.Client.csproj", "{68450617-8A2D-4702-9941-ACB1DE71F391}"
EndProject
Global
	GlobalSection(SolutionConfigurationPlatforms) = preSolution
		Debug|Any CPU = Debug|Any CPU
		Release|Any CPU = Release|Any CPU
	EndGlobalSection
	GlobalSection(ProjectConfigurationPlatforms) = postSolution
		{AD1BAC2E-E7B7-4C92-A5FB-56B2C4269B38}.Debug|Any CPU.ActiveCfg = Debug|Any CPU
		{AD1BAC2E-E7B7-4C92-A5FB-56B2C4269B38}.Debug|Any CPU.Build.0 = Debug|Any CPU
		{AD1BAC2E-E7B7-4C92-A5FB-56B2C4269B38}.Release|Any CPU.ActiveCfg = Release|Any CPU
		{AD1BAC2E-E7B7-4C92-A5FB-56B2C4269B38}.Release|Any CPU.Build.0 = Release|Any CPU
		{68450617-8A2D-4702-9941-ACB1DE71F391}.Debug|Any CPU.ActiveCfg = Debug|Any CPU
		{68450617-8A2D-4702-9941-ACB1DE71F391}.Debug|Any CPU.Build.0 = Debug|Any CPU
		{68450617-8A2D-4702-9941-ACB1DE71F391}.Release|Any CPU.ActiveCfg = Release|Any CPU
		{68450617-8A2D-4702-9941-ACB1DE71F391}.Release|Any CPU.Build.0 = Release|Any CPU
	EndGlobalSection
	GlobalSection(SolutionProperties) = preSolution
		HideSolutionNode = FALSE
	EndGlobalSection
	GlobalSection(ExtensibilityGlobals) = postSolution
		SolutionGuid = {F5271999-EFF4-4626-9E9F-8891C4801426}
	EndGlobalSection
EndGlobal
